
Microsoft Visual Studio Solution File, Format Version 12.00
# Visual Studio Version 17
VisualStudioVersion = 17.7.34003.232
MinimumVisualStudioVersion = 10.0.40219.1
Project("{FAE04EC0-301F-11D3-BF4B-00C04F79EFBC}") = "Loops_Mangum_Stephen", "Loops_Mangum_Stephen.csproj", "{ACCAA94B-CCDD-492E-B12A-FBE91035C888}"
EndProject
Global
	GlobalSection(SolutionConfigurationPlatforms) = preSolution
		Debug|Any CPU = Debug|Any CPU
		Release|Any CPU = Release|Any CPU
	EndGlobalSection
	GlobalSection(ProjectConfigurationPlatforms) = postSolution
		{ACCAA94B-CCDD-492E-B12A-FBE91035C888}.Debug|Any CPU.ActiveCfg = Debug|Any CPU
		{ACCAA94B-CCDD-492E-B12A-FBE91035C888}.Debug|Any CPU.Build.0 = Debug|Any CPU
		{ACCAA94B-CCDD-492E-B12A-FBE91035C888}.Release|Any CPU.ActiveCfg = Release|Any CPU
		{ACCAA94B-CCDD-492E-B12A-FBE91035C888}.Release|Any CPU.Build.0 = Release|Any CPU
	EndGlobalSection
	GlobalSection(SolutionProperties) = preSolution
		HideSolutionNode = FALSE
	EndGlobalSection
	GlobalSection(ExtensibilityGlobals) = postSolution
		SolutionGuid = {45D0B822-C480-4898-844B-FA9019DA266A}
	EndGlobalSection
EndGlobal
